
Microsoft Visual Studio Solution File, Format Version 12.00
# Visual Studio Version 16
VisualStudioVersion = 16.0.30114.105
MinimumVisualStudioVersion = 10.0.40219.1
Project("{FAE04EC0-301F-11D3-BF4B-00C04F79EFBC}") = "GroceryStoreApplication", "GroceryStoreApplication\GroceryStoreApplication.csproj", "{3E351A5D-31AD-4A11-875F-345E6C53A4DC}"
EndProject
Global
	GlobalSection(SolutionConfigurationPlatforms) = preSolution
		Debug|Any CPU = Debug|Any CPU
		Release|Any CPU = Release|Any CPU
	EndGlobalSection
	GlobalSection(ProjectConfigurationPlatforms) = postSolution
		{3E351A5D-31AD-4A11-875F-345E6C53A4DC}.Debug|Any CPU.ActiveCfg = Debug|Any CPU
		{3E351A5D-31AD-4A11-875F-345E6C53A4DC}.Debug|Any CPU.Build.0 = Debug|Any CPU
		{3E351A5D-31AD-4A11-875F-345E6C53A4DC}.Release|Any CPU.ActiveCfg = Release|Any CPU
		{3E351A5D-31AD-4A11-875F-345E6C53A4DC}.Release|Any CPU.Build.0 = Release|Any CPU
	EndGlobalSection
	GlobalSection(SolutionProperties) = preSolution
		HideSolutionNode = FALSE
	EndGlobalSection
	GlobalSection(ExtensibilityGlobals) = postSolution
		SolutionGuid = {788E6843-D40A-470C-97D9-992E156AD7CA}
	EndGlobalSection
EndGlobal
